{
  "name": "content-forge",
  "version": "0.0.0",
  "lockfileVersion": 3,
  "requires": true,
  "packages": {
    "": {
      "name": "content-forge",
      "version": "0.0.0",
      "devDependencies": {
        "@turbo-ogre/sdk": "https://codeload.github.com/turbo-ogre/sdk/tar.gz/d4f78b92f88f63f1edf44a6ad4955bcdbf7d799e"
      }
    },
    "node_modules/@turbo-ogre/sdk": {
      "version": "0.1.0",
      "resolved": "https://codeload.github.com/turbo-ogre/sdk/tar.gz/d4f78b92f88f63f1edf44a6ad4955bcdbf7d799e",
      "integrity": "sha512-C1vzdzt8Zwzs51b5MgJd9j0RP/y9y0v7bg9DgfeaXJp7IKuaXRWIZ5ZcM0SLWfAeVb88ErJFGG22s0VPQR/Ufw==",
      "dev": true,
      "license": "MIT",
      "bin": {
        "turbo-ogre": "bin/turbo-ogre.mjs"
      },
      "engines": {
        "node": ">=22"
      }
    }
  }
}
