{
  "name": "content-forge",
  "version": "0.0.0",
  "lockfileVersion": 3,
  "requires": true,
  "packages": {
    "": {
      "name": "content-forge",
      "version": "0.0.0",
      "devDependencies": {
        "@turbo-ogre/sdk": "https://codeload.github.com/turbo-ogre/sdk/tar.gz/a25ff79cf99f9671bf1b5e15ae26dd399eb6dc6c"
      }
    },
    "node_modules/@turbo-ogre/sdk": {
      "version": "0.2.0",
      "resolved": "https://codeload.github.com/turbo-ogre/sdk/tar.gz/a25ff79cf99f9671bf1b5e15ae26dd399eb6dc6c",
      "integrity": "sha512-VZv7LRmdCCNIc4jIx3OU9i1G0P/liIB44GFtTKwGqQ+obr8N1OQA0hger0P1D3UfaEvDZOhEwUFM7d2T9UxfFA==",
      "dev": true,
      "license": "MIT",
      "bin": {
        "turbo-ogre": "bin/turbo-ogre.mjs"
      },
      "engines": {
        "node": ">=22"
      }
    }
  }
}
